
Microsoft Visual Studio Solution File, Format Version 12.00
# Visual Studio Version 17
VisualStudioVersion = 17.4.33213.308
MinimumVisualStudioVersion = 10.0.40219.1
Project("{8BC9CEB8-8B4A-11D0-8D11-00A0C91BC942}") = "Project3", "Project3\Project3.vcxproj", "{E20A6361-5A65-4FF5-BF73-5334C4172FAB}"
EndProject
Global
	GlobalSection(SolutionConfigurationPlatforms) = preSolution
		Debug|x64 = Debug|x64
		Debug|x86 = Debug|x86
		Release|x64 = Release|x64
		Release|x86 = Release|x86
	EndGlobalSection
	GlobalSection(ProjectConfigurationPlatforms) = postSolution
		{E20A6361-5A65-4FF5-BF73-5334C4172FAB}.Debug|x64.ActiveCfg = Debug|x64
		{E20A6361-5A65-4FF5-BF73-5334C4172FAB}.Debug|x64.Build.0 = Debug|x64
		{E20A6361-5A65-4FF5-BF73-5334C4172FAB}.Debug|x86.ActiveCfg = Debug|Win32
		{E20A6361-5A65-4FF5-BF73-5334C4172FAB}.Debug|x86.Build.0 = Debug|Win32
		{E20A6361-5A65-4FF5-BF73-5334C4172FAB}.Release|x64.ActiveCfg = Release|x64
		{E20A6361-5A65-4FF5-BF73-5334C4172FAB}.Release|x64.Build.0 = Release|x64
		{E20A6361-5A65-4FF5-BF73-5334C4172FAB}.Release|x86.ActiveCfg = Release|Win32
		{E20A6361-5A65-4FF5-BF73-5334C4172FAB}.Release|x86.Build.0 = Release|Win32
	EndGlobalSection
	GlobalSection(SolutionProperties) = preSolution
		HideSolutionNode = FALSE
	EndGlobalSection
	GlobalSection(ExtensibilityGlobals) = postSolution
		SolutionGuid = {28EB1744-C67E-47C7-991A-93AD3859D4BA}
	EndGlobalSection
EndGlobal
